// !$*UTF8*$!
{
	archiveVersion = 1;
	classes = {
	};
	objectVersion = 56;
	objects = {

/* Begin PBXBuildFile section */
		428B27F828DCFB50003529CE /* AppDelegate.swift in Sources */ = {isa = PBXBuildFile; fileRef = 428B27F728DCFB50003529CE /* AppDelegate.swift */; };
		428B27FA28DCFB50003529CE /* SceneDelegate.swift in Sources */ = {isa = PBXBuildFile; fileRef = 428B27F928DCFB50003529CE /* SceneDelegate.swift */; };
		428B27FC28DCFB50003529CE /* ViewController.swift in Sources */ = {isa = PBXBuildFile; fileRef = 428B27FB28DCFB50003529CE /* ViewController.swift */; };
		428B27FF28DCFB50003529CE /* Main.storyboard in Resources */ = {isa = PBXBuildFile; fileRef = 428B27FD28DCFB50003529CE /* Main.storyboard */; };
		428B280128DCFB50003529CE /* Assets.xcassets in Resources */ = {isa = PBXBuildFile; fileRef = 428B280028DCFB50003529CE /* Assets.xcassets */; };
		428B280428DCFB50003529CE /* LaunchScreen.storyboard in Resources */ = {isa = PBXBuildFile; fileRef = 428B280228DCFB50003529CE /* LaunchScreen.storyboard */; };
		428B280C28DCFB62003529CE /* APIConstants.swift in Sources */ = {isa = PBXBuildFile; fileRef = 428B280B28DCFB62003529CE /* APIConstants.swift */; };
		428B280E28DCFCC7003529CE /* NetworkError.swift in Sources */ = {isa = PBXBuildFile; fileRef = 428B280D28DCFCC7003529CE /* NetworkError.swift */; };
		428B281028DCFCEB003529CE /* APIService.swift in Sources */ = {isa = PBXBuildFile; fileRef = 428B280F28DCFCEB003529CE /* APIService.swift */; };
/* End PBXBuildFile section */

/* Begin PBXFileReference section */
		428B27F428DCFB50003529CE /* SpotifyApp.app */ = {isa = PBXFileReference; explicitFileType = wrapper.application; includeInIndex = 0; path = SpotifyApp.app; sourceTree = BUILT_PRODUCTS_DIR; };
		428B27F728DCFB50003529CE /* AppDelegate.swift */ = {isa = PBXFileReference; lastKnownFileType = sourcecode.swift; path = AppDelegate.swift; sourceTree = "<group>"; };
		428B27F928DCFB50003529CE /* SceneDelegate.swift */ = {isa = PBXFileReference; lastKnownFileType = sourcecode.swift; path = SceneDelegate.swift; sourceTree = "<group>"; };
		428B27FB28DCFB50003529CE /* ViewController.swift */ = {isa = PBXFileReference; lastKnownFileType = sourcecode.swift; path = ViewController.swift; sourceTree = "<group>"; };
		428B27FE28DCFB50003529CE /* Base */ = {isa = PBXFileReference; lastKnownFileType = file.storyboard; name = Base; path = Base.lproj/Main.storyboard; sourceTree = "<group>"; };
		428B280028DCFB50003529CE /* Assets.xcassets */ = {isa = PBXFileReference; lastKnownFileType = folder.assetcatalog; path = Assets.xcassets; sourceTree = "<group>"; };
		428B280328DCFB50003529CE /* Base */ = {isa = PBXFileReference; lastKnownFileType = file.storyboard; name = Base; path = Base.lproj/LaunchScreen.storyboard; sourceTree = "<group>"; };
		428B280528DCFB50003529CE /* Info.plist */ = {isa = PBXFileReference; lastKnownFileType = text.plist.xml; path = Info.plist; sourceTree = "<group>"; };
		428B280B28DCFB62003529CE /* APIConstants.swift */ = {isa = PBXFileReference; lastKnownFileType = sourcecode.swift; path = APIConstants.swift; sourceTree = "<group>"; };
		428B280D28DCFCC7003529CE /* NetworkError.swift */ = {isa = PBXFileReference; lastKnownFileType = sourcecode.swift; path = NetworkError.swift; sourceTree = "<group>"; };
		428B280F28DCFCEB003529CE /* APIService.swift */ = {isa = PBXFileReference; lastKnownFileType = sourcecode.swift; path = APIService.swift; sourceTree = "<group>"; };
/* End PBXFileReference section */

/* Begin PBXFrameworksBuildPhase section */
		428B27F128DCFB4F003529CE /* Frameworks */ = {
			isa = PBXFrameworksBuildPhase;
			buildActionMask = 2147483647;
			files = (
			);
			runOnlyForDeploymentPostprocessing = 0;
		};
/* End PBXFrameworksBuildPhase section */

/* Begin PBXGroup section */
		428B27EB28DCFB4F003529CE = {
			isa = PBXGroup;
			children = (
				428B27F628DCFB50003529CE /* SpotifyApp */,
				428B27F528DCFB50003529CE /* Products */,
			);
			sourceTree = "<group>";
		};
		428B27F528DCFB50003529CE /* Products */ = {
			isa = PBXGroup;
			children = (
				428B27F428DCFB50003529CE /* SpotifyApp.app */,
			);
			name = Products;
			sourceTree = "<group>";
		};
		428B27F628DCFB50003529CE /* SpotifyApp */ = {
			isa = PBXGroup;
			children = (
				428B27F728DCFB50003529CE /* AppDelegate.swift */,
				428B27F928DCFB50003529CE /* SceneDelegate.swift */,
				428B27FB28DCFB50003529CE /* ViewController.swift */,
				428B27FD28DCFB50003529CE /* Main.storyboard */,
				428B280028DCFB50003529CE /* Assets.xcassets */,
				428B280228DCFB50003529CE /* LaunchScreen.storyboard */,
				428B280528DCFB50003529CE /* Info.plist */,
				428B280B28DCFB62003529CE /* APIConstants.swift */,
				428B280D28DCFCC7003529CE /* NetworkError.swift */,
				428B280F28DCFCEB003529CE /* APIService.swift */,
			);
			path = SpotifyApp;
			sourceTree = "<group>";
		};
/* End PBXGroup section */

/* Begin PBXNativeTarget section */
		428B27F328DCFB4F003529CE /* SpotifyApp */ = {
			isa = PBXNativeTarget;
			buildConfigurationList = 428B280828DCFB50003529CE /* Build configuration list for PBXNativeTarget "SpotifyApp" */;
			buildPhases = (
				428B27F028DCFB4F003529CE /* Sources */,
				428B27F128DCFB4F003529CE /* Frameworks */,
				428B27F228DCFB4F003529CE /* Resources */,
			);
			buildRules = (
			);
			dependencies = (
			);
			name = SpotifyApp;
			productName = SpotifyApp;
			productReference = 428B27F428DCFB50003529CE /* SpotifyApp.app */;
			productType = "com.apple.product-type.application";
		};
/* End PBXNativeTarget section */

/* Begin PBXProject section */
		428B27EC28DCFB4F003529CE /* Project object */ = {
			isa = PBXProject;
			attributes = {
				BuildIndependentTargetsInParallel = 1;
				LastSwiftUpdateCheck = 1400;
				LastUpgradeCheck = 1400;
				TargetAttributes = {
					428B27F328DCFB4F003529CE = {
						CreatedOnToolsVersion = 14.0;
					};
				};
			};
			buildConfigurationList = 428B27EF28DCFB4F003529CE /* Build configuration list for PBXProject "SpotifyApp" */;
			compatibilityVersion = "Xcode 14.0";
			developmentRegion = en;
			hasScannedForEncodings = 0;
			knownRegions = (
				en,
				Base,
			);
			mainGroup = 428B27EB28DCFB4F003529CE;
			productRefGroup = 428B27F528DCFB50003529CE /* Products */;
			projectDirPath = "";
			projectRoot = "";
			targets = (
				428B27F328DCFB4F003529CE /* SpotifyApp */,
			);
		};
/* End PBXProject section */

/* Begin PBXResourcesBuildPhase section */
		428B27F228DCFB4F003529CE /* Resources */ = {
			isa = PBXResourcesBuildPhase;
			buildActionMask = 2147483647;
			files = (
				428B280428DCFB50003529CE /* LaunchScreen.storyboard in Resources */,
				428B280128DCFB50003529CE /* Assets.xcassets in Resources */,
				428B27FF28DCFB50003529CE /* Main.storyboard in Resources */,
			);
			runOnlyForDeploymentPostprocessing = 0;
		};
/* End PBXResourcesBuildPhase section */

/* Begin PBXSourcesBuildPhase section */
		428B27F028DCFB4F003529CE /* Sources */ = {
			isa = PBXSourcesBuildPhase;
			buildActionMask = 2147483647;
			files = (
				428B280C28DCFB62003529CE /* APIConstants.swift in Sources */,
				428B27FC28DCFB50003529CE /* ViewController.swift in Sources */,
				428B27F828DCFB50003529CE /* AppDelegate.swift in Sources */,
				428B27FA28DCFB50003529CE /* SceneDelegate.swift in Sources */,
				428B281028DCFCEB003529CE /* APIService.swift in Sources */,
				428B280E28DCFCC7003529CE /* NetworkError.swift in Sources */,
			);
			runOnlyForDeploymentPostprocessing = 0;
		};
/* End PBXSourcesBuildPhase section */

/* Begin PBXVariantGroup section */
		428B27FD28DCFB50003529CE /* Main.storyboard */ = {
			isa = PBXVariantGroup;
			children = (
				428B27FE28DCFB50003529CE /* Base */,
			);
			name = Main.storyboard;
			sourceTree = "<group>";
		};
		428B280228DCFB50003529CE /* LaunchScreen.storyboard */ = {
			isa = PBXVariantGroup;
			children = (
				428B280328DCFB50003529CE /* Base */,
			);
			name = LaunchScreen.storyboard;
			sourceTree = "<group>";
		};
/* End PBXVariantGroup section */

/* Begin XCBuildConfiguration section */
		428B280628DCFB50003529CE /* Debug */ = {
			isa = XCBuildConfiguration;
			buildSettings = {
				ALWAYS_SEARCH_USER_PATHS = NO;
				CLANG_ANALYZER_NONNULL = YES;
				CLANG_ANALYZER_NUMBER_OBJECT_CONVERSION = YES_AGGRESSIVE;
				CLANG_CXX_LANGUAGE_STANDARD = "gnu++20";
				CLANG_ENABLE_MODULES = YES;
				CLANG_ENABLE_OBJC_ARC = YES;
				CLANG_ENABLE_OBJC_WEAK = YES;
				CLANG_WARN_BLOCK_CAPTURE_AUTORELEASING = YES;
				CLANG_WARN_BOOL_CONVERSION = YES;
				CLANG_WARN_COMMA = YES;
				CLANG_WARN_CONSTANT_CONVERSION = YES;
				CLANG_WARN_DEPRECATED_OBJC_IMPLEMENTATIONS = YES;
				CLANG_WARN_DIRECT_OBJC_ISA_USAGE = YES_ERROR;
				CLANG_WARN_DOCUMENTATION_COMMENTS = YES;
				CLANG_WARN_EMPTY_BODY = YES;
				CLANG_WARN_ENUM_CONVERSION = YES;
				CLANG_WARN_INFINITE_RECURSION = YES;
				CLANG_WARN_INT_CONVERSION = YES;
				CLANG_WARN_NON_LITERAL_NULL_CONVERSION = YES;
				CLANG_WARN_OBJC_IMPLICIT_RETAIN_SELF = YES;
				CLANG_WARN_OBJC_LITERAL_CONVERSION = YES;
				CLANG_WARN_OBJC_ROOT_CLASS = YES_ERROR;
				CLANG_WARN_QUOTED_INCLUDE_IN_FRAMEWORK_HEADER = YES;
				CLANG_WARN_RANGE_LOOP_ANALYSIS = YES;
				CLANG_WARN_STRICT_PROTOTYPES = YES;
				CLANG_WARN_SUSPICIOUS_MOVE = YES;
				CLANG_WARN_UNGUARDED_AVAILABILITY = YES_AGGRESSIVE;
				CLANG_WARN_UNREACHABLE_CODE = YES;
				CLANG_WARN__DUPLICATE_METHOD_MATCH = YES;
				COPY_PHASE_STRIP = NO;
				DEBUG_INFORMATION_FORMAT = dwarf;
				ENABLE_STRICT_OBJC_MSGSEND = YES;
				ENABLE_TESTABILITY = YES;
				GCC_C_LANGUAGE_STANDARD = gnu11;
				GCC_DYNAMIC_NO_PIC = NO;
				GCC_NO_COMMON_BLOCKS = YES;
				GCC_OPTIMIZATION_LEVEL = 0;
				GCC_PREPROCESSOR_DEFINITIONS = (
					"DEBUG=1",
					"$(inherited)",
				);
				GCC_WARN_64_TO_32_BIT_CONVERSION = YES;
				GCC_WARN_ABOUT_RETURN_TYPE = YES_ERROR;
				GCC_WARN_UNDECLARED_SELECTOR = YES;
				GCC_WARN_UNINITIALIZED_AUTOS = YES_AGGRESSIVE;
				GCC_WARN_UNUSED_FUNCTION = YES;
				GCC_WARN_UNUSED_VARIABLE = YES;
				IPHONEOS_DEPLOYMENT_TARGET = 16.0;
				MTL_ENABLE_DEBUG_INFO = INCLUDE_SOURCE;
				MTL_FAST_MATH = YES;
				ONLY_ACTIVE_ARCH = YES;
				SDKROOT = iphoneos;
				SWIFT_ACTIVE_COMPILATION_CONDITIONS = DEBUG;
				SWIFT_OPTIMIZATION_LEVEL = "-Onone";
			};
			name = Debug;
		};
		428B280728DCFB50003529CE /* Release */ = {
			isa = XCBuildConfiguration;
			buildSettings = {
				ALWAYS_SEARCH_USER_PATHS = NO;
				CLANG_ANALYZER_NONNULL = YES;
				CLANG_ANALYZER_NUMBER_OBJECT_CONVERSION = YES_AGGRESSIVE;
				CLANG_CXX_LANGUAGE_STANDARD = "gnu++20";
				CLANG_ENABLE_MODULES = YES;
				CLANG_ENABLE_OBJC_ARC = YES;
				CLANG_ENABLE_OBJC_WEAK = YES;
				CLANG_WARN_BLOCK_CAPTURE_AUTORELEASING = YES;
				CLANG_WARN_BOOL_CONVERSION = YES;
				CLANG_WARN_COMMA = YES;
				CLANG_WARN_CONSTANT_CONVERSION = YES;
				CLANG_WARN_DEPRECATED_OBJC_IMPLEMENTATIONS = YES;
				CLANG_WARN_DIRECT_OBJC_ISA_USAGE = YES_ERROR;
				CLANG_WARN_DOCUMENTATION_COMMENTS = YES;
				CLANG_WARN_EMPTY_BODY = YES;
				CLANG_WARN_ENUM_CONVERSION = YES;
				CLANG_WARN_INFINITE_RECURSION = YES;
				CLANG_WARN_INT_CONVERSION = YES;
				CLANG_WARN_NON_LITERAL_NULL_CONVERSION = YES;
				CLANG_WARN_OBJC_IMPLICIT_RETAIN_SELF = YES;
				CLANG_WARN_OBJC_LITERAL_CONVERSION = YES;
				CLANG_WARN_OBJC_ROOT_CLASS = YES_ERROR;
				CLANG_WARN_QUOTED_INCLUDE_IN_FRAMEWORK_HEADER = YES;
				CLANG_WARN_RANGE_LOOP_ANALYSIS = YES;
				CLANG_WARN_STRICT_PROTOTYPES = YES;
				CLANG_WARN_SUSPICIOUS_MOVE = YES;
				CLANG_WARN_UNGUARDED_AVAILABILITY = YES_AGGRESSIVE;
				CLANG_WARN_UNREACHABLE_CODE = YES;
				CLANG_WARN__DUPLICATE_METHOD_MATCH = YES;
				COPY_PHASE_STRIP = NO;
				DEBUG_INFORMATION_FORMAT = "dwarf-with-dsym";
				ENABLE_NS_ASSERTIONS = NO;
				ENABLE_STRICT_OBJC_MSGSEND = YES;
				GCC_C_LANGUAGE_STANDARD = gnu11;
				GCC_NO_COMMON_BLOCKS = YES;
				GCC_WARN_64_TO_32_BIT_CONVERSION = YES;
				GCC_WARN_ABOUT_RETURN_TYPE = YES_ERROR;
				GCC_WARN_UNDECLARED_SELECTOR = YES;
				GCC_WARN_UNINITIALIZED_AUTOS = YES_AGGRESSIVE;
				GCC_WARN_UNUSED_FUNCTION = YES;
				GCC_WARN_UNUSED_VARIABLE = YES;
				IPHONEOS_DEPLOYMENT_TARGET = 16.0;
				MTL_ENABLE_DEBUG_INFO = NO;
				MTL_FAST_MATH = YES;
				SDKROOT = iphoneos;
				SWIFT_COMPILATION_MODE = wholemodule;
				SWIFT_OPTIMIZATION_LEVEL = "-O";
				VALIDATE_PRODUCT = YES;
			};
			name = Release;
		};
		428B280928DCFB50003529CE /* Debug */ = {
			isa = XCBuildConfiguration;
			buildSettings = {
				ASSETCATALOG_COMPILER_APPICON_NAME = AppIcon;
				ASSETCATALOG_COMPILER_GLOBAL_ACCENT_COLOR_NAME = AccentColor;
				CODE_SIGN_STYLE = Automatic;
				CURRENT_PROJECT_VERSION = 1;
				DEVELOPMENT_TEAM = 8U63ZP8KK6;
				GENERATE_INFOPLIST_FILE = YES;
				INFOPLIST_FILE = SpotifyApp/Info.plist;
				INFOPLIST_KEY_UIApplicationSupportsIndirectInputEvents = YES;
				INFOPLIST_KEY_UILaunchStoryboardName = LaunchScreen;
				INFOPLIST_KEY_UIMainStoryboardFile = Main;
				INFOPLIST_KEY_UISupportedInterfaceOrientations_iPad = "UIInterfaceOrientationPortrait UIInterfaceOrientationPortraitUpsideDown UIInterfaceOrientationLandscapeLeft UIInterfaceOrientationLandscapeRight";
				INFOPLIST_KEY_UISupportedInterfaceOrientations_iPhone = "UIInterfaceOrientationPortrait UIInterfaceOrientationLandscapeLeft UIInterfaceOrientationLandscapeRight";
				LD_RUNPATH_SEARCH_PATHS = (
					"$(inherited)",
					"@executable_path/Frameworks",
				);
				MARKETING_VERSION = 1.0;
				PRODUCT_BUNDLE_IDENTIFIER = com.jasondubon.SpotifyApp;
				PRODUCT_NAME = "$(TARGET_NAME)";
				SWIFT_EMIT_LOC_STRINGS = YES;
				SWIFT_VERSION = 5.0;
				TARGETED_DEVICE_FAMILY = "1,2";
			};
			name = Debug;
		};
		428B280A28DCFB50003529CE /* Release */ = {
			isa = XCBuildConfiguration;
			buildSettings = {
				ASSETCATALOG_COMPILER_APPICON_NAME = AppIcon;
				ASSETCATALOG_COMPILER_GLOBAL_ACCENT_COLOR_NAME = AccentColor;
				CODE_SIGN_STYLE = Automatic;
				CURRENT_PROJECT_VERSION = 1;
				DEVELOPMENT_TEAM = 8U63ZP8KK6;
				GENERATE_INFOPLIST_FILE = YES;
				INFOPLIST_FILE = SpotifyApp/Info.plist;
				INFOPLIST_KEY_UIApplicationSupportsIndirectInputEvents = YES;
				INFOPLIST_KEY_UILaunchStoryboardName = LaunchScreen;
				INFOPLIST_KEY_UIMainStoryboardFile = Main;
				INFOPLIST_KEY_UISupportedInterfaceOrientations_iPad = "UIInterfaceOrientationPortrait UIInterfaceOrientationPortraitUpsideDown UIInterfaceOrientationLandscapeLeft UIInterfaceOrientationLandscapeRight";
				INFOPLIST_KEY_UISupportedInterfaceOrientations_iPhone = "UIInterfaceOrientationPortrait UIInterfaceOrientationLandscapeLeft UIInterfaceOrientationLandscapeRight";
				LD_RUNPATH_SEARCH_PATHS = (
					"$(inherited)",
					"@executable_path/Frameworks",
				);
				MARKETING_VERSION = 1.0;
				PRODUCT_BUNDLE_IDENTIFIER = com.jasondubon.SpotifyApp;
				PRODUCT_NAME = "$(TARGET_NAME)";
				SWIFT_EMIT_LOC_STRINGS = YES;
				SWIFT_VERSION = 5.0;
				TARGETED_DEVICE_FAMILY = "1,2";
			};
			name = Release;
		};
/* End XCBuildConfiguration section */

/* Begin XCConfigurationList section */
		428B27EF28DCFB4F003529CE /* Build configuration list for PBXProject "SpotifyApp" */ = {
			isa = XCConfigurationList;
			buildConfigurations = (
				428B280628DCFB50003529CE /* Debug */,
				428B280728DCFB50003529CE /* Release */,
			);
			defaultConfigurationIsVisible = 0;
			defaultConfigurationName = Release;
		};
		428B280828DCFB50003529CE /* Build configuration list for PBXNativeTarget "SpotifyApp" */ = {
			isa = XCConfigurationList;
			buildConfigurations = (
				428B280928DCFB50003529CE /* Debug */,
				428B280A28DCFB50003529CE /* Release */,
			);
			defaultConfigurationIsVisible = 0;
			defaultConfigurationName = Release;
		};
/* End XCConfigurationList section */
	};
	rootObject = 428B27EC28DCFB4F003529CE /* Project object */;
}
